
Microsoft Visual Studio Solution File, Format Version 12.00
# Visual Studio Version 17
VisualStudioVersion = 17.5.002.0
MinimumVisualStudioVersion = 10.0.40219.1
Project("{9A19103F-16F7-4668-BE54-9A1E7A4F7556}") = "TP2 GN", "TP2 GN.csproj", "{83BD6828-FB23-4965-A39C-B0BC2B016FCC}"
EndProject
Global
	GlobalSection(SolutionConfigurationPlatforms) = preSolution
		Debug|Any CPU = Debug|Any CPU
		Release|Any CPU = Release|Any CPU
	EndGlobalSection
	GlobalSection(ProjectConfigurationPlatforms) = postSolution
		{83BD6828-FB23-4965-A39C-B0BC2B016FCC}.Debug|Any CPU.ActiveCfg = Debug|Any CPU
		{83BD6828-FB23-4965-A39C-B0BC2B016FCC}.Debug|Any CPU.Build.0 = Debug|Any CPU
		{83BD6828-FB23-4965-A39C-B0BC2B016FCC}.Release|Any CPU.ActiveCfg = Release|Any CPU
		{83BD6828-FB23-4965-A39C-B0BC2B016FCC}.Release|Any CPU.Build.0 = Release|Any CPU
	EndGlobalSection
	GlobalSection(SolutionProperties) = preSolution
		HideSolutionNode = FALSE
	EndGlobalSection
	GlobalSection(ExtensibilityGlobals) = postSolution
		SolutionGuid = {4266E24F-F752-4CE2-BBE1-50243B50D8C1}
	EndGlobalSection
EndGlobal
