
Microsoft Visual Studio Solution File, Format Version 12.00
# Visual Studio Version 17
VisualStudioVersion = 17.11.35219.272
MinimumVisualStudioVersion = 10.0.40219.1
Project("{FAE04EC0-301F-11D3-BF4B-00C04F79EFBC}") = "TP2 GN", "TP2 GN\TP2 GN.csproj", "{16F72FB9-AB0E-4314-9C09-6700F0273FE7}"
EndProject
Global
	GlobalSection(SolutionConfigurationPlatforms) = preSolution
		Debug|Any CPU = Debug|Any CPU
		Release|Any CPU = Release|Any CPU
	EndGlobalSection
	GlobalSection(ProjectConfigurationPlatforms) = postSolution
		{16F72FB9-AB0E-4314-9C09-6700F0273FE7}.Debug|Any CPU.ActiveCfg = Debug|Any CPU
		{16F72FB9-AB0E-4314-9C09-6700F0273FE7}.Debug|Any CPU.Build.0 = Debug|Any CPU
		{16F72FB9-AB0E-4314-9C09-6700F0273FE7}.Release|Any CPU.ActiveCfg = Release|Any CPU
		{16F72FB9-AB0E-4314-9C09-6700F0273FE7}.Release|Any CPU.Build.0 = Release|Any CPU
	EndGlobalSection
	GlobalSection(SolutionProperties) = preSolution
		HideSolutionNode = FALSE
	EndGlobalSection
	GlobalSection(ExtensibilityGlobals) = postSolution
		SolutionGuid = {B162CDCC-55FB-45B5-98DE-3AE403590716}
	EndGlobalSection
EndGlobal
